// !$*UTF8*$!
{
	archiveVersion = 1;
	classes = {
	};
	objectVersion = 56;
	objects = {

/* Begin PBXBuildFile section */
		1DA387C229CD9C4A00EB334D /* Core Data.swift in Sources */ = {isa = PBXBuildFile; fileRef = 1DA387C129CD9C4A00EB334D /* Core Data.swift */; };
		1DA387C729CD9CA600EB334D /* DetailViewController.swift in Sources */ = {isa = PBXBuildFile; fileRef = 1DA387C629CD9CA600EB334D /* DetailViewController.swift */; };
		1DA387C929CDA2D900EB334D /* ContactViewController.swift in Sources */ = {isa = PBXBuildFile; fileRef = 1DA387C829CDA2D900EB334D /* ContactViewController.swift */; };
		1DA387CB29CDA2EA00EB334D /* FavouriteViewController.swift in Sources */ = {isa = PBXBuildFile; fileRef = 1DA387CA29CDA2EA00EB334D /* FavouriteViewController.swift */; };
		AF605A5829CD9846007EB0FA /* AppDelegate.swift in Sources */ = {isa = PBXBuildFile; fileRef = AF605A5729CD9846007EB0FA /* AppDelegate.swift */; };
		AF605A5A29CD9846007EB0FA /* SceneDelegate.swift in Sources */ = {isa = PBXBuildFile; fileRef = AF605A5929CD9846007EB0FA /* SceneDelegate.swift */; };
		AF605A5C29CD9846007EB0FA /* ViewController.swift in Sources */ = {isa = PBXBuildFile; fileRef = AF605A5B29CD9846007EB0FA /* ViewController.swift */; };
		AF605A5F29CD9846007EB0FA /* Main.storyboard in Resources */ = {isa = PBXBuildFile; fileRef = AF605A5D29CD9846007EB0FA /* Main.storyboard */; };
		AF605A6229CD9846007EB0FA /* Contacts_RxSwift.xcdatamodeld in Sources */ = {isa = PBXBuildFile; fileRef = AF605A6029CD9846007EB0FA /* Contacts_RxSwift.xcdatamodeld */; };
		AF605A6429CD9847007EB0FA /* Assets.xcassets in Resources */ = {isa = PBXBuildFile; fileRef = AF605A6329CD9847007EB0FA /* Assets.xcassets */; };
		AF605A6729CD9847007EB0FA /* LaunchScreen.storyboard in Resources */ = {isa = PBXBuildFile; fileRef = AF605A6529CD9847007EB0FA /* LaunchScreen.storyboard */; };
		AFB7912B29CDD0270040F19A /* CreateContactsViewController.swift in Sources */ = {isa = PBXBuildFile; fileRef = AFB7912A29CDD0270040F19A /* CreateContactsViewController.swift */; };
/* End PBXBuildFile section */

/* Begin PBXFileReference section */
		1DA387C129CD9C4A00EB334D /* Core Data.swift */ = {isa = PBXFileReference; lastKnownFileType = sourcecode.swift; path = "Core Data.swift"; sourceTree = "<group>"; };
		1DA387C629CD9CA600EB334D /* DetailViewController.swift */ = {isa = PBXFileReference; lastKnownFileType = sourcecode.swift; path = DetailViewController.swift; sourceTree = "<group>"; };
		1DA387C829CDA2D900EB334D /* ContactViewController.swift */ = {isa = PBXFileReference; lastKnownFileType = sourcecode.swift; path = ContactViewController.swift; sourceTree = "<group>"; };
		1DA387CA29CDA2EA00EB334D /* FavouriteViewController.swift */ = {isa = PBXFileReference; lastKnownFileType = sourcecode.swift; path = FavouriteViewController.swift; sourceTree = "<group>"; };
		AF605A5429CD9846007EB0FA /* Contacts-RxSwift.app */ = {isa = PBXFileReference; explicitFileType = wrapper.application; includeInIndex = 0; path = "Contacts-RxSwift.app"; sourceTree = BUILT_PRODUCTS_DIR; };
		AF605A5729CD9846007EB0FA /* AppDelegate.swift */ = {isa = PBXFileReference; lastKnownFileType = sourcecode.swift; path = AppDelegate.swift; sourceTree = "<group>"; };
		AF605A5929CD9846007EB0FA /* SceneDelegate.swift */ = {isa = PBXFileReference; lastKnownFileType = sourcecode.swift; path = SceneDelegate.swift; sourceTree = "<group>"; };
		AF605A5B29CD9846007EB0FA /* ViewController.swift */ = {isa = PBXFileReference; lastKnownFileType = sourcecode.swift; path = ViewController.swift; sourceTree = "<group>"; };
		AF605A5E29CD9846007EB0FA /* Base */ = {isa = PBXFileReference; lastKnownFileType = file.storyboard; name = Base; path = Base.lproj/Main.storyboard; sourceTree = "<group>"; };
		AF605A6129CD9846007EB0FA /* Contacts_RxSwift.xcdatamodel */ = {isa = PBXFileReference; lastKnownFileType = wrapper.xcdatamodel; path = Contacts_RxSwift.xcdatamodel; sourceTree = "<group>"; };
		AF605A6329CD9847007EB0FA /* Assets.xcassets */ = {isa = PBXFileReference; lastKnownFileType = folder.assetcatalog; path = Assets.xcassets; sourceTree = "<group>"; };
		AF605A6629CD9847007EB0FA /* Base */ = {isa = PBXFileReference; lastKnownFileType = file.storyboard; name = Base; path = Base.lproj/LaunchScreen.storyboard; sourceTree = "<group>"; };
		AF605A6829CD9847007EB0FA /* Info.plist */ = {isa = PBXFileReference; lastKnownFileType = text.plist.xml; path = Info.plist; sourceTree = "<group>"; };
		AFB7912A29CDD0270040F19A /* CreateContactsViewController.swift */ = {isa = PBXFileReference; lastKnownFileType = sourcecode.swift; path = CreateContactsViewController.swift; sourceTree = "<group>"; };
/* End PBXFileReference section */

/* Begin PBXFrameworksBuildPhase section */
		AF605A5129CD9846007EB0FA /* Frameworks */ = {
			isa = PBXFrameworksBuildPhase;
			buildActionMask = 2147483647;
			files = (
			);
			runOnlyForDeploymentPostprocessing = 0;
		};
/* End PBXFrameworksBuildPhase section */

/* Begin PBXGroup section */
		1DA387BF29CD9C1000EB334D /* ViewModel */ = {
			isa = PBXGroup;
			children = (
				1DA387C129CD9C4A00EB334D /* Core Data.swift */,
			);
			path = ViewModel;
			sourceTree = "<group>";
		};
		1DA387C529CD9C7C00EB334D /* View */ = {
			isa = PBXGroup;
			children = (
				1DA387C629CD9CA600EB334D /* DetailViewController.swift */,
			);
			path = View;
			sourceTree = "<group>";
		};
		AF605A4B29CD9846007EB0FA = {
			isa = PBXGroup;
			children = (
				AF605A5629CD9846007EB0FA /* Contacts-RxSwift */,
				AF605A5529CD9846007EB0FA /* Products */,
			);
			sourceTree = "<group>";
		};
		AF605A5529CD9846007EB0FA /* Products */ = {
			isa = PBXGroup;
			children = (
				AF605A5429CD9846007EB0FA /* Contacts-RxSwift.app */,
			);
			name = Products;
			sourceTree = "<group>";
		};
		AF605A5629CD9846007EB0FA /* Contacts-RxSwift */ = {
			isa = PBXGroup;
			children = (
				1DA387C529CD9C7C00EB334D /* View */,
				1DA387BF29CD9C1000EB334D /* ViewModel */,
				AF605A7029CD98E2007EB0FA /* Controller */,
				AF605A5729CD9846007EB0FA /* AppDelegate.swift */,
				AF605A5929CD9846007EB0FA /* SceneDelegate.swift */,
				AF605A5D29CD9846007EB0FA /* Main.storyboard */,
				AF605A6329CD9847007EB0FA /* Assets.xcassets */,
				AF605A6529CD9847007EB0FA /* LaunchScreen.storyboard */,
				AF605A6829CD9847007EB0FA /* Info.plist */,
				AF605A6029CD9846007EB0FA /* Contacts_RxSwift.xcdatamodeld */,
			);
			path = "Contacts-RxSwift";
			sourceTree = "<group>";
		};
		AF605A7029CD98E2007EB0FA /* Controller */ = {
			isa = PBXGroup;
			children = (
				AF605A5B29CD9846007EB0FA /* ViewController.swift */,
				1DA387C829CDA2D900EB334D /* ContactViewController.swift */,
				1DA387CA29CDA2EA00EB334D /* FavouriteViewController.swift */,
				AFB7912A29CDD0270040F19A /* CreateContactsViewController.swift */,
			);
			path = Controller;
			sourceTree = "<group>";
		};
/* End PBXGroup section */

/* Begin PBXNativeTarget section */
		AF605A5329CD9846007EB0FA /* Contacts-RxSwift */ = {
			isa = PBXNativeTarget;
			buildConfigurationList = AF605A6B29CD9847007EB0FA /* Build configuration list for PBXNativeTarget "Contacts-RxSwift" */;
			buildPhases = (
				AF605A5029CD9846007EB0FA /* Sources */,
				AF605A5129CD9846007EB0FA /* Frameworks */,
				AF605A5229CD9846007EB0FA /* Resources */,
			);
			buildRules = (
			);
			dependencies = (
			);
			name = "Contacts-RxSwift";
			productName = "Contacts-RxSwift";
			productReference = AF605A5429CD9846007EB0FA /* Contacts-RxSwift.app */;
			productType = "com.apple.product-type.application";
		};
/* End PBXNativeTarget section */

/* Begin PBXProject section */
		AF605A4C29CD9846007EB0FA /* Project object */ = {
			isa = PBXProject;
			attributes = {
				BuildIndependentTargetsInParallel = 1;
				LastSwiftUpdateCheck = 1420;
				LastUpgradeCheck = 1420;
				TargetAttributes = {
					AF605A5329CD9846007EB0FA = {
						CreatedOnToolsVersion = 14.2;
					};
				};
			};
			buildConfigurationList = AF605A4F29CD9846007EB0FA /* Build configuration list for PBXProject "Contacts-RxSwift" */;
			compatibilityVersion = "Xcode 14.0";
			developmentRegion = en;
			hasScannedForEncodings = 0;
			knownRegions = (
				en,
				Base,
			);
			mainGroup = AF605A4B29CD9846007EB0FA;
			productRefGroup = AF605A5529CD9846007EB0FA /* Products */;
			projectDirPath = "";
			projectRoot = "";
			targets = (
				AF605A5329CD9846007EB0FA /* Contacts-RxSwift */,
			);
		};
/* End PBXProject section */

/* Begin PBXResourcesBuildPhase section */
		AF605A5229CD9846007EB0FA /* Resources */ = {
			isa = PBXResourcesBuildPhase;
			buildActionMask = 2147483647;
			files = (
				AF605A6729CD9847007EB0FA /* LaunchScreen.storyboard in Resources */,
				AF605A6429CD9847007EB0FA /* Assets.xcassets in Resources */,
				AF605A5F29CD9846007EB0FA /* Main.storyboard in Resources */,
			);
			runOnlyForDeploymentPostprocessing = 0;
		};
/* End PBXResourcesBuildPhase section */

/* Begin PBXSourcesBuildPhase section */
		AF605A5029CD9846007EB0FA /* Sources */ = {
			isa = PBXSourcesBuildPhase;
			buildActionMask = 2147483647;
			files = (
				1DA387C929CDA2D900EB334D /* ContactViewController.swift in Sources */,
				AFB7912B29CDD0270040F19A /* CreateContactsViewController.swift in Sources */,
				1DA387C229CD9C4A00EB334D /* Core Data.swift in Sources */,
				AF605A5C29CD9846007EB0FA /* ViewController.swift in Sources */,
				1DA387CB29CDA2EA00EB334D /* FavouriteViewController.swift in Sources */,
				AF605A5829CD9846007EB0FA /* AppDelegate.swift in Sources */,
				AF605A6229CD9846007EB0FA /* Contacts_RxSwift.xcdatamodeld in Sources */,
				AF605A5A29CD9846007EB0FA /* SceneDelegate.swift in Sources */,
				1DA387C729CD9CA600EB334D /* DetailViewController.swift in Sources */,
			);
			runOnlyForDeploymentPostprocessing = 0;
		};
/* End PBXSourcesBuildPhase section */

/* Begin PBXVariantGroup section */
		AF605A5D29CD9846007EB0FA /* Main.storyboard */ = {
			isa = PBXVariantGroup;
			children = (
				AF605A5E29CD9846007EB0FA /* Base */,
			);
			name = Main.storyboard;
			sourceTree = "<group>";
		};
		AF605A6529CD9847007EB0FA /* LaunchScreen.storyboard */ = {
			isa = PBXVariantGroup;
			children = (
				AF605A6629CD9847007EB0FA /* Base */,
			);
			name = LaunchScreen.storyboard;
			sourceTree = "<group>";
		};
/* End PBXVariantGroup section */

/* Begin XCBuildConfiguration section */
		AF605A6929CD9847007EB0FA /* Debug */ = {
			isa = XCBuildConfiguration;
			buildSettings = {
				ALWAYS_SEARCH_USER_PATHS = NO;
				CLANG_ANALYZER_NONNULL = YES;
				CLANG_ANALYZER_NUMBER_OBJECT_CONVERSION = YES_AGGRESSIVE;
				CLANG_CXX_LANGUAGE_STANDARD = "gnu++20";
				CLANG_ENABLE_MODULES = YES;
				CLANG_ENABLE_OBJC_ARC = YES;
				CLANG_ENABLE_OBJC_WEAK = YES;
				CLANG_WARN_BLOCK_CAPTURE_AUTORELEASING = YES;
				CLANG_WARN_BOOL_CONVERSION = YES;
				CLANG_WARN_COMMA = YES;
				CLANG_WARN_CONSTANT_CONVERSION = YES;
				CLANG_WARN_DEPRECATED_OBJC_IMPLEMENTATIONS = YES;
				CLANG_WARN_DIRECT_OBJC_ISA_USAGE = YES_ERROR;
				CLANG_WARN_DOCUMENTATION_COMMENTS = YES;
				CLANG_WARN_EMPTY_BODY = YES;
				CLANG_WARN_ENUM_CONVERSION = YES;
				CLANG_WARN_INFINITE_RECURSION = YES;
				CLANG_WARN_INT_CONVERSION = YES;
				CLANG_WARN_NON_LITERAL_NULL_CONVERSION = YES;
				CLANG_WARN_OBJC_IMPLICIT_RETAIN_SELF = YES;
				CLANG_WARN_OBJC_LITERAL_CONVERSION = YES;
				CLANG_WARN_OBJC_ROOT_CLASS = YES_ERROR;
				CLANG_WARN_QUOTED_INCLUDE_IN_FRAMEWORK_HEADER = YES;
				CLANG_WARN_RANGE_LOOP_ANALYSIS = YES;
				CLANG_WARN_STRICT_PROTOTYPES = YES;
				CLANG_WARN_SUSPICIOUS_MOVE = YES;
				CLANG_WARN_UNGUARDED_AVAILABILITY = YES_AGGRESSIVE;
				CLANG_WARN_UNREACHABLE_CODE = YES;
				CLANG_WARN__DUPLICATE_METHOD_MATCH = YES;
				COPY_PHASE_STRIP = NO;
				DEBUG_INFORMATION_FORMAT = dwarf;
				ENABLE_STRICT_OBJC_MSGSEND = YES;
				ENABLE_TESTABILITY = YES;
				GCC_C_LANGUAGE_STANDARD = gnu11;
				GCC_DYNAMIC_NO_PIC = NO;
				GCC_NO_COMMON_BLOCKS = YES;
				GCC_OPTIMIZATION_LEVEL = 0;
				GCC_PREPROCESSOR_DEFINITIONS = (
					"DEBUG=1",
					"$(inherited)",
				);
				GCC_WARN_64_TO_32_BIT_CONVERSION = YES;
				GCC_WARN_ABOUT_RETURN_TYPE = YES_ERROR;
				GCC_WARN_UNDECLARED_SELECTOR = YES;
				GCC_WARN_UNINITIALIZED_AUTOS = YES_AGGRESSIVE;
				GCC_WARN_UNUSED_FUNCTION = YES;
				GCC_WARN_UNUSED_VARIABLE = YES;
				IPHONEOS_DEPLOYMENT_TARGET = 16.2;
				MTL_ENABLE_DEBUG_INFO = INCLUDE_SOURCE;
				MTL_FAST_MATH = YES;
				ONLY_ACTIVE_ARCH = YES;
				SDKROOT = iphoneos;
				SWIFT_ACTIVE_COMPILATION_CONDITIONS = DEBUG;
				SWIFT_OPTIMIZATION_LEVEL = "-Onone";
			};
			name = Debug;
		};
		AF605A6A29CD9847007EB0FA /* Release */ = {
			isa = XCBuildConfiguration;
			buildSettings = {
				ALWAYS_SEARCH_USER_PATHS = NO;
				CLANG_ANALYZER_NONNULL = YES;
				CLANG_ANALYZER_NUMBER_OBJECT_CONVERSION = YES_AGGRESSIVE;
				CLANG_CXX_LANGUAGE_STANDARD = "gnu++20";
				CLANG_ENABLE_MODULES = YES;
				CLANG_ENABLE_OBJC_ARC = YES;
				CLANG_ENABLE_OBJC_WEAK = YES;
				CLANG_WARN_BLOCK_CAPTURE_AUTORELEASING = YES;
				CLANG_WARN_BOOL_CONVERSION = YES;
				CLANG_WARN_COMMA = YES;
				CLANG_WARN_CONSTANT_CONVERSION = YES;
				CLANG_WARN_DEPRECATED_OBJC_IMPLEMENTATIONS = YES;
				CLANG_WARN_DIRECT_OBJC_ISA_USAGE = YES_ERROR;
				CLANG_WARN_DOCUMENTATION_COMMENTS = YES;
				CLANG_WARN_EMPTY_BODY = YES;
				CLANG_WARN_ENUM_CONVERSION = YES;
				CLANG_WARN_INFINITE_RECURSION = YES;
				CLANG_WARN_INT_CONVERSION = YES;
				CLANG_WARN_NON_LITERAL_NULL_CONVERSION = YES;
				CLANG_WARN_OBJC_IMPLICIT_RETAIN_SELF = YES;
				CLANG_WARN_OBJC_LITERAL_CONVERSION = YES;
				CLANG_WARN_OBJC_ROOT_CLASS = YES_ERROR;
				CLANG_WARN_QUOTED_INCLUDE_IN_FRAMEWORK_HEADER = YES;
				CLANG_WARN_RANGE_LOOP_ANALYSIS = YES;
				CLANG_WARN_STRICT_PROTOTYPES = YES;
				CLANG_WARN_SUSPICIOUS_MOVE = YES;
				CLANG_WARN_UNGUARDED_AVAILABILITY = YES_AGGRESSIVE;
				CLANG_WARN_UNREACHABLE_CODE = YES;
				CLANG_WARN__DUPLICATE_METHOD_MATCH = YES;
				COPY_PHASE_STRIP = NO;
				DEBUG_INFORMATION_FORMAT = "dwarf-with-dsym";
				ENABLE_NS_ASSERTIONS = NO;
				ENABLE_STRICT_OBJC_MSGSEND = YES;
				GCC_C_LANGUAGE_STANDARD = gnu11;
				GCC_NO_COMMON_BLOCKS = YES;
				GCC_WARN_64_TO_32_BIT_CONVERSION = YES;
				GCC_WARN_ABOUT_RETURN_TYPE = YES_ERROR;
				GCC_WARN_UNDECLARED_SELECTOR = YES;
				GCC_WARN_UNINITIALIZED_AUTOS = YES_AGGRESSIVE;
				GCC_WARN_UNUSED_FUNCTION = YES;
				GCC_WARN_UNUSED_VARIABLE = YES;
				IPHONEOS_DEPLOYMENT_TARGET = 16.2;
				MTL_ENABLE_DEBUG_INFO = NO;
				MTL_FAST_MATH = YES;
				SDKROOT = iphoneos;
				SWIFT_COMPILATION_MODE = wholemodule;
				SWIFT_OPTIMIZATION_LEVEL = "-O";
				VALIDATE_PRODUCT = YES;
			};
			name = Release;
		};
		AF605A6C29CD9847007EB0FA /* Debug */ = {
			isa = XCBuildConfiguration;
			buildSettings = {
				ASSETCATALOG_COMPILER_APPICON_NAME = AppIcon;
				ASSETCATALOG_COMPILER_GLOBAL_ACCENT_COLOR_NAME = AccentColor;
				CODE_SIGN_STYLE = Automatic;
				CURRENT_PROJECT_VERSION = 1;
				GENERATE_INFOPLIST_FILE = YES;
				INFOPLIST_FILE = "Contacts-RxSwift/Info.plist";
				INFOPLIST_KEY_UIApplicationSupportsIndirectInputEvents = YES;
				INFOPLIST_KEY_UILaunchStoryboardName = LaunchScreen;
				INFOPLIST_KEY_UIMainStoryboardFile = Main;
				INFOPLIST_KEY_UISupportedInterfaceOrientations_iPad = "UIInterfaceOrientationPortrait UIInterfaceOrientationPortraitUpsideDown UIInterfaceOrientationLandscapeLeft UIInterfaceOrientationLandscapeRight";
				INFOPLIST_KEY_UISupportedInterfaceOrientations_iPhone = "UIInterfaceOrientationPortrait UIInterfaceOrientationLandscapeLeft UIInterfaceOrientationLandscapeRight";
				LD_RUNPATH_SEARCH_PATHS = (
					"$(inherited)",
					"@executable_path/Frameworks",
				);
				MARKETING_VERSION = 1.0;
				PRODUCT_BUNDLE_IDENTIFIER = "com.capgemini.Contacts-RxSwift";
				PRODUCT_NAME = "$(TARGET_NAME)";
				SWIFT_EMIT_LOC_STRINGS = YES;
				SWIFT_VERSION = 5.0;
				TARGETED_DEVICE_FAMILY = "1,2";
			};
			name = Debug;
		};
		AF605A6D29CD9847007EB0FA /* Release */ = {
			isa = XCBuildConfiguration;
			buildSettings = {
				ASSETCATALOG_COMPILER_APPICON_NAME = AppIcon;
				ASSETCATALOG_COMPILER_GLOBAL_ACCENT_COLOR_NAME = AccentColor;
				CODE_SIGN_STYLE = Automatic;
				CURRENT_PROJECT_VERSION = 1;
				GENERATE_INFOPLIST_FILE = YES;
				INFOPLIST_FILE = "Contacts-RxSwift/Info.plist";
				INFOPLIST_KEY_UIApplicationSupportsIndirectInputEvents = YES;
				INFOPLIST_KEY_UILaunchStoryboardName = LaunchScreen;
				INFOPLIST_KEY_UIMainStoryboardFile = Main;
				INFOPLIST_KEY_UISupportedInterfaceOrientations_iPad = "UIInterfaceOrientationPortrait UIInterfaceOrientationPortraitUpsideDown UIInterfaceOrientationLandscapeLeft UIInterfaceOrientationLandscapeRight";
				INFOPLIST_KEY_UISupportedInterfaceOrientations_iPhone = "UIInterfaceOrientationPortrait UIInterfaceOrientationLandscapeLeft UIInterfaceOrientationLandscapeRight";
				LD_RUNPATH_SEARCH_PATHS = (
					"$(inherited)",
					"@executable_path/Frameworks",
				);
				MARKETING_VERSION = 1.0;
				PRODUCT_BUNDLE_IDENTIFIER = "com.capgemini.Contacts-RxSwift";
				PRODUCT_NAME = "$(TARGET_NAME)";
				SWIFT_EMIT_LOC_STRINGS = YES;
				SWIFT_VERSION = 5.0;
				TARGETED_DEVICE_FAMILY = "1,2";
			};
			name = Release;
		};
/* End XCBuildConfiguration section */

/* Begin XCConfigurationList section */
		AF605A4F29CD9846007EB0FA /* Build configuration list for PBXProject "Contacts-RxSwift" */ = {
			isa = XCConfigurationList;
			buildConfigurations = (
				AF605A6929CD9847007EB0FA /* Debug */,
				AF605A6A29CD9847007EB0FA /* Release */,
			);
			defaultConfigurationIsVisible = 0;
			defaultConfigurationName = Release;
		};
		AF605A6B29CD9847007EB0FA /* Build configuration list for PBXNativeTarget "Contacts-RxSwift" */ = {
			isa = XCConfigurationList;
			buildConfigurations = (
				AF605A6C29CD9847007EB0FA /* Debug */,
				AF605A6D29CD9847007EB0FA /* Release */,
			);
			defaultConfigurationIsVisible = 0;
			defaultConfigurationName = Release;
		};
/* End XCConfigurationList section */

/* Begin XCVersionGroup section */
		AF605A6029CD9846007EB0FA /* Contacts_RxSwift.xcdatamodeld */ = {
			isa = XCVersionGroup;
			children = (
				AF605A6129CD9846007EB0FA /* Contacts_RxSwift.xcdatamodel */,
			);
			currentVersion = AF605A6129CD9846007EB0FA /* Contacts_RxSwift.xcdatamodel */;
			path = Contacts_RxSwift.xcdatamodeld;
			sourceTree = "<group>";
			versionGroupType = wrapper.xcdatamodel;
		};
/* End XCVersionGroup section */
	};
	rootObject = AF605A4C29CD9846007EB0FA /* Project object */;
}
